
Microsoft Visual Studio Solution File, Format Version 12.00
# Visual Studio Version 17
VisualStudioVersion = 17.2.32505.173
MinimumVisualStudioVersion = 10.0.40219.1
Project("{FAE04EC0-301F-11D3-BF4B-00C04F79EFBC}") = "Homework_04", "Homework_04\Homework_04.csproj", "{086BAF7C-4341-4FB8-B700-FF0FE86ECCB7}"
EndProject
Global
	GlobalSection(SolutionConfigurationPlatforms) = preSolution
		Debug|Any CPU = Debug|Any CPU
		Release|Any CPU = Release|Any CPU
	EndGlobalSection
	GlobalSection(ProjectConfigurationPlatforms) = postSolution
		{086BAF7C-4341-4FB8-B700-FF0FE86ECCB7}.Debug|Any CPU.ActiveCfg = Debug|Any CPU
		{086BAF7C-4341-4FB8-B700-FF0FE86ECCB7}.Debug|Any CPU.Build.0 = Debug|Any CPU
		{086BAF7C-4341-4FB8-B700-FF0FE86ECCB7}.Release|Any CPU.ActiveCfg = Release|Any CPU
		{086BAF7C-4341-4FB8-B700-FF0FE86ECCB7}.Release|Any CPU.Build.0 = Release|Any CPU
	EndGlobalSection
	GlobalSection(SolutionProperties) = preSolution
		HideSolutionNode = FALSE
	EndGlobalSection
	GlobalSection(ExtensibilityGlobals) = postSolution
		SolutionGuid = {79018ACD-5A90-44C8-A099-F7C4D0352FA4}
	EndGlobalSection
EndGlobal
